
Microsoft Visual Studio Solution File, Format Version 12.00
# Visual Studio Version 17
VisualStudioVersion = 17.11.35222.181
MinimumVisualStudioVersion = 10.0.40219.1
Project("{FAE04EC0-301F-11D3-BF4B-00C04F79EFBC}") = "InternetBookClub", "InternetBookClub\InternetBookClub.csproj", "{C44EB50F-A7B1-4377-AB02-81C613C4C21A}"
EndProject
Global
	GlobalSection(SolutionConfigurationPlatforms) = preSolution
		Debug|Any CPU = Debug|Any CPU
		Release|Any CPU = Release|Any CPU
	EndGlobalSection
	GlobalSection(ProjectConfigurationPlatforms) = postSolution
		{C44EB50F-A7B1-4377-AB02-81C613C4C21A}.Debug|Any CPU.ActiveCfg = Debug|Any CPU
		{C44EB50F-A7B1-4377-AB02-81C613C4C21A}.Debug|Any CPU.Build.0 = Debug|Any CPU
		{C44EB50F-A7B1-4377-AB02-81C613C4C21A}.Release|Any CPU.ActiveCfg = Release|Any CPU
		{C44EB50F-A7B1-4377-AB02-81C613C4C21A}.Release|Any CPU.Build.0 = Release|Any CPU
	EndGlobalSection
	GlobalSection(SolutionProperties) = preSolution
		HideSolutionNode = FALSE
	EndGlobalSection
	GlobalSection(ExtensibilityGlobals) = postSolution
		SolutionGuid = {06361FA9-70E4-4B60-BE80-8877F9FAF167}
	EndGlobalSection
EndGlobal
